{"1.2.0",
[{<<"acceptor_pool">>,{pkg,<<"acceptor_pool">>,<<"1.0.0">>},2},
 {<<"bender_client">>,
  {git,"https://github.com/valitydev/bender-client-erlang.git",
       {ref,"4e15070a194ed2f3f033891eb2da935982a06c30"}},
  0},
 {<<"bender_proto">>,
  {git,"https://github.com/valitydev/bender-proto.git",
       {ref,"71c56878c1cf154cdfab9bbc563ddba25abe7259"}},
  0},
 {<<"bouncer_client">>,
  {git,"https://github.com/valitydev/bouncer-client-erlang",
       {ref,"f7ab2fdf3bd39d447d4dd039280ef98937ce7c87"}},
  0},
 {<<"bouncer_proto">>,
  {git,"https://github.com/valitydev/bouncer-proto.git",
       {ref,"b23c905db51915737fdab80c2a3af4c546b32799"}},
  0},
 {<<"cache">>,{pkg,<<"cache">>,<<"2.3.3">>},1},
 {<<"canal">>,
  {git,"https://github.com/valitydev/canal",
       {ref,"621d3821cd0a6036fee75d8e3b2d17167f3268e4"}},
  0},
 {<<"certifi">>,{pkg,<<"certifi">>,<<"2.6.1">>},2},
 {<<"cg_mon">>,
  {git,"https://github.com/rbkmoney/cg_mon.git",
       {ref,"5a87a37694e42b6592d3b4164ae54e0e87e24e18"}},
  1},
 {<<"chatterbox">>,{pkg,<<"ts_chatterbox">>,<<"0.13.0">>},2},
 {<<"cowboy">>,{pkg,<<"cowboy">>,<<"2.9.0">>},1},
 {<<"cowboy_access_log">>,
  {git,"https://github.com/valitydev/cowboy_access_log.git",
       {ref,"04da359e022cf05c5c93812504d5791d6bc97453"}},
  0},
 {<<"cowboy_cors">>,
  {git,"https://github.com/valitydev/cowboy_cors.git",
       {ref,"5a3b084fb8c5a4ff58e3c915a822d709d6023c3b"}},
  0},
 {<<"cowboy_draining_server">>,
  {git,"https://github.com/valitydev/cowboy_draining_server.git",
       {ref,"186cf4d0722d4ad79afe73d371df6b1371e51905"}},
  0},
 {<<"cowlib">>,{pkg,<<"cowlib">>,<<"2.12.1">>},1},
 {<<"ctx">>,{pkg,<<"ctx">>,<<"0.6.0">>},2},
 {<<"damsel">>,
  {git,"https://github.com/valitydev/damsel.git",
       {ref,"bfedcb9dbb0bfdbd7a06a86417b49be6e807b98d"}},
  0},
 {<<"dmt_client">>,
  {git,"https://github.com/valitydev/dmt-client.git",
       {ref,"ce6678af1499230fe13f8b34258aabe8b92ac722"}},
  0},
 {<<"dmt_core">>,
  {git,"https://github.com/valitydev/dmt-core.git",
       {ref,"75841332fe0b40a77da0c12ea8d5dbb994da8e82"}},
  1},
 {<<"email_validator">>,{pkg,<<"email_validator">>,<<"1.1.0">>},1},
 {<<"envloader">>,
  {git,"https://github.com/nuex/envloader.git",
       {ref,"27a97e04f35c554995467b9236d8ae0188d468c7"}},
  0},
 {<<"epgsql">>,
  {git,"https://github.com/epgsql/epgsql.git",
       {ref,"7ba52768cf0ea7d084df24d4275a88eef4db13c2"}},
  0},
 {<<"epgsql_pool">>,
  {git,"https://github.com/wgnet/epgsql_pool",
       {ref,"f5e492f73752950aab932a1662536e22fc00c717"}},
  0},
 {<<"eql">>,{pkg,<<"eql">>,<<"0.2.0">>},0},
 {<<"erl_health">>,
  {git,"https://github.com/valitydev/erlang-health.git",
       {ref,"7ffbc855bdbe79e23efad1803b0b185c9ea8d2f1"}},
  0},
 {<<"erlydtl">>,{pkg,<<"erlydtl">>,<<"0.14.0">>},0},
 {<<"file_storage_proto">>,
  {git,"https://github.com/valitydev/file-storage-proto.git",
       {ref,"1dbc0067db68780660b4f691ea6ca6d5f68d56aa"}},
  0},
 {<<"fistful_proto">>,
  {git,"https://github.com/valitydev/fistful-proto.git",
       {ref,"f19e383fa596e7b672616858b56d8ff6a1022994"}},
  0},
 {<<"fistful_reporter_proto">>,
  {git,"https://github.com/valitydev/fistful-reporter-proto.git",
       {ref,"69565e48f036ded9b5ecc337b4f631d0e2fa6f8d"}},
  0},
 {<<"gen_smtp">>,{pkg,<<"gen_smtp">>,<<"1.2.0">>},0},
 {<<"genlib">>,
  {git,"https://github.com/valitydev/genlib.git",
       {ref,"f6074551d6586998e91a97ea20acb47241254ff3"}},
  0},
 {<<"getopt">>,{pkg,<<"getopt">>,<<"1.0.2">>},0},
 {<<"gproc">>,{pkg,<<"gproc">>,<<"0.9.0">>},1},
 {<<"grpcbox">>,{pkg,<<"grpcbox">>,<<"0.16.0">>},1},
 {<<"gun">>,{pkg,<<"gun">>,<<"2.0.1">>},0},
 {<<"hackney">>,{pkg,<<"hackney">>,<<"1.17.4">>},1},
 {<<"herd">>,
  {git,"https://github.com/wgnet/herd.git",
       {ref,"934847589dcf5a6d2b02a1f546ffe91c04066f17"}},
  0},
 {<<"hpack">>,{pkg,<<"hpack_erl">>,<<"0.2.3">>},3},
 {<<"identdocstore_proto">>,
  {git,"https://github.com/valitydev/identdocstore-proto.git",
       {ref,"0ab676da2bb23eb04c42e02325c40c413d74856e"}},
  0},
 {<<"idna">>,{pkg,<<"idna">>,<<"6.1.1">>},2},
 {<<"jesse">>,
  {git,"https://github.com/valitydev/jesse.git",
       {ref,"f4ff58e79ebe65650f9c445e730ad4c8d7f463a0"}},
  1},
 {<<"jose">>,
  {git,"https://github.com/potatosalad/erlang-jose.git",
       {ref,"991649695aaccd92c8effb1c1e88e6159fe8e9a6"}},
  0},
 {<<"jsone">>,{pkg,<<"jsone">>,<<"1.8.0">>},1},
 {<<"jsx">>,{pkg,<<"jsx">>,<<"3.1.0">>},1},
 {<<"metrics">>,{pkg,<<"metrics">>,<<"1.0.1">>},2},
 {<<"mimerl">>,{pkg,<<"mimerl">>,<<"1.2.0">>},2},
 {<<"msgpack_proto">>,
  {git,"https://github.com/valitydev/msgpack-proto.git",
       {ref,"7e447496aa5df4a5f1ace7ef2e3c31248b2a3ed0"}},
  1},
 {<<"opentelemetry">>,{pkg,<<"opentelemetry">>,<<"1.3.0">>},0},
 {<<"opentelemetry_api">>,{pkg,<<"opentelemetry_api">>,<<"1.2.1">>},0},
 {<<"opentelemetry_exporter">>,
  {pkg,<<"opentelemetry_exporter">>,<<"1.3.0">>},
  0},
 {<<"opentelemetry_semantic_conventions">>,
  {pkg,<<"opentelemetry_semantic_conventions">>,<<"0.2.0">>},
  1},
 {<<"org_management_proto">>,
  {git,"https://github.com/valitydev/org-management-proto",
       {ref,"04de2f4ad697430c75f8efa04716d30753bd7c4b"}},
  1},
 {<<"parse_trans">>,{pkg,<<"parse_trans">>,<<"3.4.1">>},1},
 {<<"pooler">>,{pkg,<<"pooler">>,<<"1.5.3">>},1},
 {<<"quickrand">>,
  {git,"https://github.com/okeuday/quickrand.git",
       {ref,"7fe89e9cfcc1378b7164e9dac4e7f02119110b68"}},
  1},
 {<<"ranch">>,{pkg,<<"ranch">>,<<"2.1.0">>},1},
 {<<"scoper">>,
  {git,"https://github.com/valitydev/scoper.git",
       {ref,"41a14a558667316998af9f49149ee087ffa8bef2"}},
  0},
 {<<"snowflake">>,
  {git,"https://github.com/valitydev/snowflake.git",
       {ref,"de159486ef40cec67074afe71882bdc7f7deab72"}},
  1},
 {<<"ssl_verify_fun">>,{pkg,<<"ssl_verify_fun">>,<<"1.1.7">>},2},
 {<<"swag_client_apikeys">>,
  {git,"https://github.com/valitydev/swag-api-keys-v2.git",
       {ref,"a56933dbc52bcf4ea68ae91bba1e8869730ae71d"}},
  0},
 {<<"swag_server_apikeys">>,
  {git,"https://github.com/valitydev/swag-api-keys-v2.git",
       {ref,"66723162eeba4b6589df24b19066d626178067ab"}},
  0},
 {<<"tds_proto">>,
  {git,"https://github.com/valitydev/tds-proto.git",
       {ref,"48bca4905215ac492ab4764441c04db7cf1f3394"}},
  0},
 {<<"thrift">>,
  {git,"https://github.com/valitydev/thrift-erlang.git",
       {ref,"3f3e11246d90aefa8f58b35e4f2eab14c0c28bd2"}},
  0},
 {<<"tls_certificate_check">>,
  {pkg,<<"tls_certificate_check">>,<<"1.19.0">>},
  1},
 {<<"token_keeper_client">>,
  {git,"https://github.com/valitydev/token-keeper-client",
       {ref,"642b20e622ef5d3ed41127bdc9b2b0fc1d43c7e5"}},
  0},
 {<<"token_keeper_proto">>,
  {git,"https://github.com/valitydev/token-keeper-proto.git",
       {ref,"8b8bb4333828350301ae2fe801c0c8de61c6529c"}},
  1},
 {<<"unicode_util_compat">>,{pkg,<<"unicode_util_compat">>,<<"0.7.0">>},2},
 {<<"uuid">>,
  {git,"https://github.com/okeuday/uuid.git",
       {ref,"965c76b7343530cf940a808f497eef37d0a332e6"}},
  0},
 {<<"woody">>,
  {git,"https://github.com/valitydev/woody_erlang.git",
       {ref,"5d46291a6bfcee0bae2a9346a7d927603a909249"}},
  0},
 {<<"woody_user_identity">>,
  {git,"https://github.com/valitydev/woody_erlang_user_identity.git",
       {ref,"a480762fea8d7c08f105fb39ca809482b6cb042e"}},
  0}]}.
[
{pkg_hash,[
 {<<"acceptor_pool">>, <<"43C20D2ACAE35F0C2BCD64F9D2BDE267E459F0F3FD23DAB26485BF518C281B21">>},
 {<<"cache">>, <<"B23A5FE7095445A88412A6E614C933377E0137B44FFED77C9B3FEF1A731A20B2">>},
 {<<"certifi">>, <<"DBAB8E5E155A0763EEA978C913CA280A6B544BFA115633FA20249C3D396D9493">>},
 {<<"chatterbox">>, <<"6F059D97BCAA758B8EA6FFFE2B3B81362BD06B639D3EA2BB088335511D691EBF">>},
 {<<"cowboy">>, <<"865DD8B6607E14CF03282E10E934023A1BD8BE6F6BACF921A7E2A96D800CD452">>},
 {<<"cowlib">>, <<"A9FA9A625F1D2025FE6B462CB865881329B5CAFF8F1854D1CBC9F9533F00E1E1">>},
 {<<"ctx">>, <<"8FF88B70E6400C4DF90142E7F130625B82086077A45364A78D208ED3ED53C7FE">>},
 {<<"email_validator">>, <<"7E09A862E9AA99AE2CA6FD2A718D2B94360E32940A1339B53DFEE6B774BCDB03">>},
 {<<"eql">>, <<"598ABC19A1CF6AFB8EF89FFEA869F43BAEBB1CEC3260DD5065112FEE7D8CE3E2">>},
 {<<"erlydtl">>, <<"964B2DC84F8C17ACFAA69C59BA129EF26AC45D2BA898C3C6AD9B5BDC8BA13CED">>},
 {<<"gen_smtp">>, <<"9CFC75C72A8821588B9B9FE947AE5AB2AED95A052B81237E0928633A13276FD3">>},
 {<<"getopt">>, <<"33D9B44289FE7AD08627DDFE1D798E30B2DA0033B51DA1B3A2D64E72CD581D02">>},
 {<<"gproc">>, <<"853CCB7805E9ADA25D227A157BA966F7B34508F386A3E7E21992B1B484230699">>},
 {<<"grpcbox">>, <<"B83F37C62D6EECA347B77F9B1EC7E9F62231690CDFEB3A31BE07CD4002BA9C82">>},
 {<<"gun">>, <<"160A9A5394800FCBA41BC7E6D421295CF9A7894C2252C0678244948E3336AD73">>},
 {<<"hackney">>, <<"99DA4674592504D3FB0CFEF0DB84C3BA02B4508BAE2DFF8C0108BAA0D6E0977C">>},
 {<<"hpack">>, <<"17670F83FF984AE6CD74B1C456EDDE906D27FF013740EE4D9EFAA4F1BF999633">>},
 {<<"idna">>, <<"8A63070E9F7D0C62EB9D9FCB360A7DE382448200FBBD1B106CC96D3D8099DF8D">>},
 {<<"jsone">>, <<"347FF1FA700E182E1F9C5012FA6D737B12C854313B9AE6954CA75D3987D6C06D">>},
 {<<"jsx">>, <<"D12516BAA0BB23A59BB35DCCAF02A1BD08243FCBB9EFE24F2D9D056CCFF71268">>},
 {<<"metrics">>, <<"25F094DEA2CDA98213CECC3AEFF09E940299D950904393B2A29D191C346A8486">>},
 {<<"mimerl">>, <<"67E2D3F571088D5CFD3E550C383094B47159F3EEE8FFA08E64106CDF5E981BE3">>},
 {<<"opentelemetry">>, <<"988AC3C26ACAC9720A1D4FB8D9DC52E95B45ECFEC2D5B5583276A09E8936BC5E">>},
 {<<"opentelemetry_api">>, <<"7B69ED4F40025C005DE0B74FCE8C0549625D59CB4DF12D15C32FE6DC5076FF42">>},
 {<<"opentelemetry_exporter">>, <<"1D8809C0D4F4ACF986405F7700ED11992BCBDB6A4915DD11921E80777FFA7167">>},
 {<<"opentelemetry_semantic_conventions">>, <<"B67FE459C2938FCAB341CB0951C44860C62347C005ACE1B50F8402576F241435">>},
 {<<"parse_trans">>, <<"6E6AA8167CB44CC8F39441D05193BE6E6F4E7C2946CB2759F015F8C56B76E5FF">>},
 {<<"pooler">>, <<"898CD1FA301FC42D4A8ED598CE139B71CA85B54C16AB161152B5CC5FBDCFA1A8">>},
 {<<"ranch">>, <<"2261F9ED9574DCFCC444106B9F6DA155E6E540B2F82BA3D42B339B93673B72A3">>},
 {<<"ssl_verify_fun">>, <<"354C321CF377240C7B8716899E182CE4890C5938111A1296ADD3EC74CF1715DF">>},
 {<<"tls_certificate_check">>, <<"C76C4C5D79EE79A2B11C84F910C825D6F024A78427C854F515748E9BD025E987">>},
 {<<"unicode_util_compat">>, <<"BC84380C9AB48177092F43AC89E4DFA2C6D62B40B8BD132B1059ECC7232F9A78">>}]},
{pkg_hash_ext,[
 {<<"acceptor_pool">>, <<"0CBCD83FDC8B9AD2EEE2067EF8B91A14858A5883CB7CD800E6FCD5803E158788">>},
 {<<"cache">>, <<"44516CE6FA03594D3A2AF025DD3A87BFE711000EB730219E1DDEFC816E0AA2F4">>},
 {<<"certifi">>, <<"524C97B4991B3849DD5C17A631223896272C6B0AF446778BA4675A1DFF53BB7E">>},
 {<<"chatterbox">>, <<"B93D19104D86AF0B3F2566C4CBA2A57D2E06D103728246BA1AC6C3C0FF010AA7">>},
 {<<"cowboy">>, <<"2C729F934B4E1AA149AFF882F57C6372C15399A20D54F65C8D67BEF583021BDE">>},
 {<<"cowlib">>, <<"163B73F6367A7341B33C794C4E88E7DBFE6498AC42DCD69EF44C5BC5507C8DB0">>},
 {<<"ctx">>, <<"A14ED2D1B67723DBEBBE423B28D7615EB0BDCBA6FF28F2D1F1B0A7E1D4AA5FC2">>},
 {<<"email_validator">>, <<"2B1E6DF7BB14155C8D7D131F1C95CF4676200BC056EEBA82123396833FF94DA2">>},
 {<<"eql">>, <<"513BE6B36EE86E8292B2B7475C257ABB66CED5AAD40CBF7AD21E233D0A3BF51D">>},
 {<<"erlydtl">>, <<"D80EC044CD8F58809C19D29AC5605BE09E955040911B644505E31E9DD8143431">>},
 {<<"gen_smtp">>, <<"5EE0375680BCA8F20C4D85F58C2894441443A743355430FF33A783FE03296779">>},
 {<<"getopt">>, <<"A0029AEA4322FB82A61F6876A6D9C66DC9878B6CB61FAA13DF3187384FD4EA26">>},
 {<<"gproc">>, <<"587E8AF698CCD3504CF4BA8D90F893EDE2B0F58CABB8A916E2BF9321DE3CF10B">>},
 {<<"grpcbox">>, <<"294DF743AE20A7E030889F00644001370A4F7CE0121F3BBDAF13CF3169C62913">>},
 {<<"gun">>, <<"A10BC8D6096B9502205022334F719CC9A08D9ADCFBFC0DBEE9EF31B56274A20B">>},
 {<<"hackney">>, <<"DE16FF4996556C8548D512F4DBE22DD58A587BF3332E7FD362430A7EF3986B16">>},
 {<<"hpack">>, <<"06F580167C4B8B8A6429040DF36CC93BBA6D571FAEAEC1B28816523379CBB23A">>},
 {<<"idna">>, <<"92376EB7894412ED19AC475E4A86F7B413C1B9FBB5BD16DCCD57934157944CEA">>},
 {<<"jsone">>, <<"08560B78624A12E0B5E7EC0271EC8CA38EF51F63D84D84843473E14D9B12618C">>},
 {<<"jsx">>, <<"0C5CC8FDC11B53CC25CF65AC6705AD39E54ECC56D1C22E4ADB8F5A53FB9427F3">>},
 {<<"metrics">>, <<"69B09ADDDC4F74A40716AE54D140F93BEB0FB8978D8636EADED0C31B6F099F16">>},
 {<<"mimerl">>, <<"F278585650AA581986264638EBF698F8BB19DF297F66AD91B18910DFC6E19323">>},
 {<<"opentelemetry">>, <<"8E09EDC26AAD11161509D7ECAD854A3285D88580F93B63B0B1CF0BAC332BFCC0">>},
 {<<"opentelemetry_api">>, <<"6D7A27B7CAD2AD69A09CABF6670514CAFCEC717C8441BEB5C96322BAC3D05350">>},
 {<<"opentelemetry_exporter">>, <<"2B40007F509D38361744882FD060A8841AF772AB83BB542AA5350908B303AD65">>},
 {<<"opentelemetry_semantic_conventions">>, <<"D61FA1F5639EE8668D74B527E6806E0503EFC55A42DB7B5F39939D84C07D6895">>},
 {<<"parse_trans">>, <<"620A406CE75DADA827B82E453C19CF06776BE266F5A67CFF34E1EF2CBB60E49A">>},
 {<<"pooler">>, <<"058D85C5081289B90E97E4DDDBC3BB5A3B4A19A728AB3BC88C689EFCC36A07C7">>},
 {<<"ranch">>, <<"244EE3FA2A6175270D8E1FC59024FD9DBC76294A321057DE8F803B1479E76916">>},
 {<<"ssl_verify_fun">>, <<"FE4C190E8F37401D30167C8C405EDA19469F34577987C76DDE613E838BBC67F8">>},
 {<<"tls_certificate_check">>, <<"4083B4A298ADD534C96125337CB01161C358BB32DD870D5A893AAE685FD91D70">>},
 {<<"unicode_util_compat">>, <<"25EEE6D67DF61960CF6A794239566599B09E17E668D3700247BC498638152521">>}]}
].
